
Microsoft Visual Studio Solution File, Format Version 12.00
# Visual Studio Version 17
VisualStudioVersion = 17.1.32210.238
MinimumVisualStudioVersion = 10.0.40219.1
Project("{FAE04EC0-301F-11D3-BF4B-00C04F79EFBC}") = "Blazor-WebAssembly-App.Server", "Blazor-WebAssembly-App\Server\Blazor-WebAssembly-App.Server.csproj", "{0632A5F1-B5E8-4752-865A-4AA82A75DF77}"
EndProject
Project("{FAE04EC0-301F-11D3-BF4B-00C04F79EFBC}") = "Blazor-WebAssembly-App.Client", "Blazor-WebAssembly-App\Client\Blazor-WebAssembly-App.Client.csproj", "{6840EC7E-51E3-40D6-9833-4469948CB203}"
EndProject
Project("{FAE04EC0-301F-11D3-BF4B-00C04F79EFBC}") = "Blazor-WebAssembly-App.Shared", "Blazor-WebAssembly-App\Shared\Blazor-WebAssembly-App.Shared.csproj", "{18C27F9D-D9E0-4E4D-A838-35AB9AD83951}"
EndProject
Global
	GlobalSection(SolutionConfigurationPlatforms) = preSolution
		Debug|Any CPU = Debug|Any CPU
		Release|Any CPU = Release|Any CPU
	EndGlobalSection
	GlobalSection(ProjectConfigurationPlatforms) = postSolution
		{0632A5F1-B5E8-4752-865A-4AA82A75DF77}.Debug|Any CPU.ActiveCfg = Debug|Any CPU
		{0632A5F1-B5E8-4752-865A-4AA82A75DF77}.Debug|Any CPU.Build.0 = Debug|Any CPU
		{0632A5F1-B5E8-4752-865A-4AA82A75DF77}.Release|Any CPU.ActiveCfg = Release|Any CPU
		{0632A5F1-B5E8-4752-865A-4AA82A75DF77}.Release|Any CPU.Build.0 = Release|Any CPU
		{6840EC7E-51E3-40D6-9833-4469948CB203}.Debug|Any CPU.ActiveCfg = Debug|Any CPU
		{6840EC7E-51E3-40D6-9833-4469948CB203}.Debug|Any CPU.Build.0 = Debug|Any CPU
		{6840EC7E-51E3-40D6-9833-4469948CB203}.Release|Any CPU.ActiveCfg = Release|Any CPU
		{6840EC7E-51E3-40D6-9833-4469948CB203}.Release|Any CPU.Build.0 = Release|Any CPU
		{18C27F9D-D9E0-4E4D-A838-35AB9AD83951}.Debug|Any CPU.ActiveCfg = Debug|Any CPU
		{18C27F9D-D9E0-4E4D-A838-35AB9AD83951}.Debug|Any CPU.Build.0 = Debug|Any CPU
		{18C27F9D-D9E0-4E4D-A838-35AB9AD83951}.Release|Any CPU.ActiveCfg = Release|Any CPU
		{18C27F9D-D9E0-4E4D-A838-35AB9AD83951}.Release|Any CPU.Build.0 = Release|Any CPU
	EndGlobalSection
	GlobalSection(SolutionProperties) = preSolution
		HideSolutionNode = FALSE
	EndGlobalSection
	GlobalSection(ExtensibilityGlobals) = postSolution
		SolutionGuid = {2E9BF2EC-55B9-4A87-AAAB-C53448F6A97D}
	EndGlobalSection
EndGlobal
